{
    "requires": true,
    "lockfileVersion": 1,
    "dependencies": {
        "@types/jquery": {
            "version": "3.3.4",
            "resolved": "https://registry.npmjs.org/@types/jquery/-/jquery-3.3.4.tgz",
            "integrity": "sha512-KqgLNDh8oTl43/2B78S7tjwPnOxPtP9wQsLptbuQCmMwqH5QuPZOk36RsNgbs3mnq/3SCyG1l/GJmhKk5Dg68g=="
        },
        "@types/pixi.js": {
            "version": "4.8.9",
            "resolved": "https://registry.npmjs.org/@types/pixi.js/-/pixi.js-4.8.9.tgz",
            "integrity": "sha512-PCqd9/TaGOAqg73u8cQKH2sg8pdkRzU6VKu8lWrV+/+p5QiDRtrT8chY5yveVM8A/hWLNtvIQlWpojDomTSNQQ=="
        },
        "@types/webfontloader": {
            "version": "1.6.33",
            "resolved": "https://registry.npmjs.org/@types/webfontloader/-/webfontloader-1.6.33.tgz",
            "integrity": "sha512-2oOYQp0UBo/+NFsxdlF9ZwS1rq1q/wGnLsZMN7X+/xArRZoLPQhOGecesaRYJ2uhHyJ53TgitDORu2IV47FhHw=="
        },
        "bit-twiddle": {
            "version": "1.0.2",
            "resolved": "https://registry.npmjs.org/bit-twiddle/-/bit-twiddle-1.0.2.tgz",
            "integrity": "sha1-DGwfq+KyPRcXPZpht7cJPrnhdp4="
        },
        "earcut": {
            "version": "2.2.3",
            "resolved": "https://registry.npmjs.org/earcut/-/earcut-2.2.3.tgz",
            "integrity": "sha512-iRDI1QeCQIhMCZk48DRDMVgQSSBDmbzzNhnxIo+pwx3swkfjMh6vh0nWLq1NdvGHLKH6wIrAM3vQWeTj6qeoug=="
        },
        "eventemitter3": {
            "version": "2.0.3",
            "resolved": "https://registry.npmjs.org/eventemitter3/-/eventemitter3-2.0.3.tgz",
            "integrity": "sha1-teEHm1n7XhuidxwKmTvgYKWMmbo="
        },
        "gsap": {
            "version": "1.20.2",
            "resolved": "https://registry.npmjs.org/gsap/-/gsap-1.20.2.tgz",
            "integrity": "sha512-W9xoPNkFIFmpeg6d0G6vt+ph9Mog7m6mRsUSqTHQqcuc/ujEreomH6gEeMnoM8du8Y1bqwCWgPbgKX+yXvFuDg=="
        },
        "ismobilejs": {
            "version": "0.5.2",
            "resolved": "https://registry.npmjs.org/ismobilejs/-/ismobilejs-0.5.2.tgz",
            "integrity": "sha512-ta9UdV60xVZk/ZafFtSFslQaE76SvNkcs1r73d2PVR21zVzx9xuYv9tNe4MxA1NN7WoeCc2RjGot3Bz1eHDx3Q=="
        },
        "jquery": {
            "version": "3.3.1",
            "resolved": "https://registry.npmjs.org/jquery/-/jquery-3.3.1.tgz",
            "integrity": "sha512-Ubldcmxp5np52/ENotGxlLe6aGMvmF4R8S6tZjsP6Knsaxd/xp3Zrh50cG93lR6nPXyUFwzN3ZSOQI0wRJNdGg=="
        },
        "mini-signals": {
            "version": "1.2.0",
            "resolved": "https://registry.npmjs.org/mini-signals/-/mini-signals-1.2.0.tgz",
            "integrity": "sha1-RbCAE8X65RokqhqTXNMXye1yHXQ="
        },
        "object-assign": {
            "version": "4.1.1",
            "resolved": "https://registry.npmjs.org/object-assign/-/object-assign-4.1.1.tgz",
            "integrity": "sha1-IQmtx5ZYh8/AXLvUQsrIv7s2CGM="
        },
        "parse-uri": {
            "version": "1.0.3",
            "resolved": "https://registry.npmjs.org/parse-uri/-/parse-uri-1.0.3.tgz",
            "integrity": "sha512-upMnGxNcm+45So85HoguwZTVZI9u11i36DdxJfGF2HYWS2eh3TIx7+/tTi7qrEq15qzGkVhsKjesau+kCk48pA=="
        },
        "pixi-gl-core": {
            "version": "1.1.4",
            "resolved": "https://registry.npmjs.org/pixi-gl-core/-/pixi-gl-core-1.1.4.tgz",
            "integrity": "sha1-i0tcQzsx5Bm8N53FZc4bg1qRs3I="
        },
        "pixi-particles": {
            "version": "2.1.9",
            "resolved": "https://registry.npmjs.org/pixi-particles/-/pixi-particles-2.1.9.tgz",
            "integrity": "sha1-QVC5IIt+Oegolnl/5MHX5hOHuvY="
        },
        "pixi.js": {
            "version": "4.8.9",
            "resolved": "https://registry.npmjs.org/pixi.js/-/pixi.js-4.8.9.tgz",
            "integrity": "sha512-YcepG5/bXLAVTSTXaMIU9NeSzwyPq/oMu2oQi6L6iE5giwng02ixVCKgc6/eMv3zl2Ho+teSOLC8R5Wp3jBvLA==",
            "requires": {
                "bit-twiddle": "^1.0.2",
                "earcut": "^2.1.4",
                "eventemitter3": "^2.0.0",
                "ismobilejs": "^0.5.1",
                "object-assign": "^4.0.1",
                "pixi-gl-core": "^1.1.4",
                "remove-array-items": "^1.0.0",
                "resource-loader": "^2.2.3"
            }
        },
        "remove-array-items": {
            "version": "1.1.1",
            "resolved": "https://registry.npmjs.org/remove-array-items/-/remove-array-items-1.1.1.tgz",
            "integrity": "sha512-MXW/jtHyl5F1PZI7NbpS8SOtympdLuF20aoWJT5lELR1p/HJDd5nqW8Eu9uLh/hCRY3FgvrIT5AwDCgBODklcA=="
        },
        "resource-loader": {
            "version": "2.2.4",
            "resolved": "https://registry.npmjs.org/resource-loader/-/resource-loader-2.2.4.tgz",
            "integrity": "sha512-MrY0bEJN26us3h4bzJUSP0n4tFEb79lCpYBavtLjSezWCcXZMgxhSgvC9LxueuqpcxG+qPjhwFu5SQAcUNacdA==",
            "requires": {
                "mini-signals": "^1.1.1",
                "parse-uri": "^1.0.0"
            }
        },
        "typescript": {
            "version": "2.4.1",
            "resolved": "https://registry.npmjs.org/typescript/-/typescript-2.4.1.tgz",
            "integrity": "sha1-w8yxbdqgsjFN4DHn5v7onlujRrw="
        },
        "webfontloader": {
            "version": "1.6.28",
            "resolved": "https://registry.npmjs.org/webfontloader/-/webfontloader-1.6.28.tgz",
            "integrity": "sha1-23hhKSU8tujq5UwvsF+HCvZnW64="
        }
    }
}
